# THIS IS AN AUTOGENERATED FILE. DO NOT EDIT THIS FILE DIRECTLY.
# yarn lockfile v1


bootstrap-growl-ifightcrime@^1.1.0:
  version "1.1.0"
  resolved "https://registry.yarnpkg.com/bootstrap-growl-ifightcrime/-/bootstrap-growl-ifightcrime-1.1.0.tgz#3f83c12bd29281315580a05ec13841d60031539e"
  integrity sha1-P4PBK9KSgTFVgKBewThB1gAxU54=

bootstrap@3.3.7:
  version "3.3.7"
  resolved "https://registry.yarnpkg.com/bootstrap/-/bootstrap-3.3.7.tgz#5a389394549f23330875a3b150656574f8a9eb71"
  integrity sha1-WjiTlFSfIzMIdaOxUGVldPip63E=

jquery@3:
  version "3.6.0"
  resolved "https://registry.yarnpkg.com/jquery/-/jquery-3.6.0.tgz#c72a09f15c1bdce142f49dbf1170bdf8adac2470"
  integrity sha512-JVzAR/AjBvVt2BmYhxRCSYysDsPcssdmTFnzyLEts9qNwmjmu4JTAMYubEfwVOSwpQ1I1sKKFcxhZCI2buerfw==
